{
  "name": "react-stand-alone",
  "version": "1.0.0",
  "lockfileVersion": 1,
  "requires": true,
  "dependencies": {
    "argparse": {
      "version": "2.0.1",
      "resolved": "https://registry.npm.taobao.org/argparse/download/argparse-2.0.1.tgz?cache=0&other_urls=https%3A%2F%2Fregistry.npm.taobao.org%2Fargparse%2Fdownload%2Fargparse-2.0.1.tgz",
      "integrity": "sha1-JG9Q88p4oyQPbJl+ipvR6sSeSzg=",
      "dev": true
    },
    "highlight.js": {
      "version": "10.4.1",
      "resolved": "https://registry.npm.taobao.org/highlight.js/download/highlight.js-10.4.1.tgz",
      "integrity": "sha1-1I+89KmXHENhs/lfMCdHr+GdutA=",
      "dev": true
    },
    "js-doc": {
      "version": "0.5.0",
      "resolved": "https://registry.npm.taobao.org/js-doc/download/js-doc-0.5.0.tgz",
      "integrity": "sha1-3KvhCROyjJeiBfuIunzZ8wFwtX0=",
      "dev": true,
      "requires": {
        "argparse": ">=1.0.7",
        "highlight.js": ">=9.4.0",
        "marked": ">=0.3.5"
      }
    },
    "marked": {
      "version": "1.2.7",
      "resolved": "https://registry.npm.taobao.org/marked/download/marked-1.2.7.tgz",
      "integrity": "sha1-bhS1lVgdIxnNzwM6JMqvQUVaAfs=",
      "dev": true
    }
  }
}
